
Microsoft Visual Studio Solution File, Format Version 12.00
# Visual Studio Version 17
VisualStudioVersion = 17.9.34728.123
MinimumVisualStudioVersion = 10.0.40219.1
Project("{FAE04EC0-301F-11D3-BF4B-00C04F79EFBC}") = "ColdBreath", "ColdBreath.csproj", "{3CB99084-8003-43DE-BB2D-6381B4067418}"
EndProject
Global
	GlobalSection(SolutionConfigurationPlatforms) = preSolution
		Debug|Any CPU = Debug|Any CPU
		Release|Any CPU = Release|Any CPU
	EndGlobalSection
	GlobalSection(ProjectConfigurationPlatforms) = postSolution
		{3CB99084-8003-43DE-BB2D-6381B4067418}.Debug|Any CPU.ActiveCfg = Debug|Any CPU
		{3CB99084-8003-43DE-BB2D-6381B4067418}.Debug|Any CPU.Build.0 = Debug|Any CPU
		{3CB99084-8003-43DE-BB2D-6381B4067418}.Release|Any CPU.ActiveCfg = Release|Any CPU
		{3CB99084-8003-43DE-BB2D-6381B4067418}.Release|Any CPU.Build.0 = Release|Any CPU
	EndGlobalSection
	GlobalSection(SolutionProperties) = preSolution
		HideSolutionNode = FALSE
	EndGlobalSection
	GlobalSection(ExtensibilityGlobals) = postSolution
		SolutionGuid = {92C010A6-964D-4949-9AFD-B10B988A4DB4}
	EndGlobalSection
EndGlobal
